// !$*UTF8*$!
{
	archiveVersion = 1;
	classes = {
	};
	objectVersion = 56;
	objects = {

/* Begin PBXBuildFile section */
		C519BDD82C6B683500CC1E96 /* LittleLemonAppApp.swift in Sources */ = {isa = PBXBuildFile; fileRef = C519BDD72C6B683500CC1E96 /* LittleLemonAppApp.swift */; };
		C519BDDC2C6B683700CC1E96 /* Assets.xcassets in Resources */ = {isa = PBXBuildFile; fileRef = C519BDDB2C6B683700CC1E96 /* Assets.xcassets */; };
		C519BDDF2C6B683700CC1E96 /* Preview Assets.xcassets in Resources */ = {isa = PBXBuildFile; fileRef = C519BDDE2C6B683700CC1E96 /* Preview Assets.xcassets */; };
		C519BDEB2C6B68AD00CC1E96 /* Styles.swift in Sources */ = {isa = PBXBuildFile; fileRef = C519BDEA2C6B68AD00CC1E96 /* Styles.swift */; };
		C519BDF52C6B692F00CC1E96 /* ExampleDatabase.xcdatamodeld in Sources */ = {isa = PBXBuildFile; fileRef = C519BDF02C6B692F00CC1E96 /* ExampleDatabase.xcdatamodeld */; };
		C519BDF62C6B692F00CC1E96 /* FetchedObjects.swift in Sources */ = {isa = PBXBuildFile; fileRef = C519BDF12C6B692F00CC1E96 /* FetchedObjects.swift */; };
		C519BDF72C6B692F00CC1E96 /* Persistence.swift in Sources */ = {isa = PBXBuildFile; fileRef = C519BDF22C6B692F00CC1E96 /* Persistence.swift */; };
		C519BDFB2C6B694400CC1E96 /* MenuItem.swift in Sources */ = {isa = PBXBuildFile; fileRef = C519BDF82C6B694400CC1E96 /* MenuItem.swift */; };
		C519BDFC2C6B694400CC1E96 /* MenuList.swift in Sources */ = {isa = PBXBuildFile; fileRef = C519BDF92C6B694400CC1E96 /* MenuList.swift */; };
		C519BE072C6B694C00CC1E96 /* DetailItem.swift in Sources */ = {isa = PBXBuildFile; fileRef = C519BDFD2C6B694C00CC1E96 /* DetailItem.swift */; };
		C519BE082C6B694C00CC1E96 /* FoodItem.swift in Sources */ = {isa = PBXBuildFile; fileRef = C519BDFE2C6B694C00CC1E96 /* FoodItem.swift */; };
		C519BE092C6B694C00CC1E96 /* Header.swift in Sources */ = {isa = PBXBuildFile; fileRef = C519BDFF2C6B694C00CC1E96 /* Header.swift */; };
		C519BE0A2C6B694C00CC1E96 /* Hero.swift in Sources */ = {isa = PBXBuildFile; fileRef = C519BE002C6B694C00CC1E96 /* Hero.swift */; };
		C519BE0B2C6B694C00CC1E96 /* Home.swift in Sources */ = {isa = PBXBuildFile; fileRef = C519BE012C6B694C00CC1E96 /* Home.swift */; };
		C519BE0C2C6B694C00CC1E96 /* MainScreen.swift in Sources */ = {isa = PBXBuildFile; fileRef = C519BE022C6B694C00CC1E96 /* MainScreen.swift */; };
		C519BE0D2C6B694C00CC1E96 /* Menu.swift in Sources */ = {isa = PBXBuildFile; fileRef = C519BE032C6B694C00CC1E96 /* Menu.swift */; };
		C519BE0E2C6B694C00CC1E96 /* Onboarding.swift in Sources */ = {isa = PBXBuildFile; fileRef = C519BE042C6B694C00CC1E96 /* Onboarding.swift */; };
		C519BE0F2C6B694C00CC1E96 /* UserProfile.swift in Sources */ = {isa = PBXBuildFile; fileRef = C519BE052C6B694C00CC1E96 /* UserProfile.swift */; };
		C519BE122C6B6AB800CC1E96 /* ViewModel.swift in Sources */ = {isa = PBXBuildFile; fileRef = C519BE102C6B6AB800CC1E96 /* ViewModel.swift */; };
/* End PBXBuildFile section */

/* Begin PBXFileReference section */
		C519BDD42C6B683500CC1E96 /* LittleLemonApp.app */ = {isa = PBXFileReference; explicitFileType = wrapper.application; includeInIndex = 0; path = LittleLemonApp.app; sourceTree = BUILT_PRODUCTS_DIR; };
		C519BDD72C6B683500CC1E96 /* LittleLemonAppApp.swift */ = {isa = PBXFileReference; lastKnownFileType = sourcecode.swift; path = LittleLemonAppApp.swift; sourceTree = "<group>"; };
		C519BDDB2C6B683700CC1E96 /* Assets.xcassets */ = {isa = PBXFileReference; lastKnownFileType = folder.assetcatalog; path = Assets.xcassets; sourceTree = "<group>"; };
		C519BDDE2C6B683700CC1E96 /* Preview Assets.xcassets */ = {isa = PBXFileReference; lastKnownFileType = folder.assetcatalog; path = "Preview Assets.xcassets"; sourceTree = "<group>"; };
		C519BDEA2C6B68AD00CC1E96 /* Styles.swift */ = {isa = PBXFileReference; lastKnownFileType = sourcecode.swift; path = Styles.swift; sourceTree = "<group>"; };
		C519BDF12C6B692F00CC1E96 /* FetchedObjects.swift */ = {isa = PBXFileReference; fileEncoding = 4; lastKnownFileType = sourcecode.swift; path = FetchedObjects.swift; sourceTree = "<group>"; };
		C519BDF22C6B692F00CC1E96 /* Persistence.swift */ = {isa = PBXFileReference; fileEncoding = 4; lastKnownFileType = sourcecode.swift; path = Persistence.swift; sourceTree = "<group>"; };
		C519BDF42C6B692F00CC1E96 /* ExampleDatabase.xcdatamodel */ = {isa = PBXFileReference; lastKnownFileType = wrapper.xcdatamodel; path = ExampleDatabase.xcdatamodel; sourceTree = "<group>"; };
		C519BDF82C6B694400CC1E96 /* MenuItem.swift */ = {isa = PBXFileReference; fileEncoding = 4; lastKnownFileType = sourcecode.swift; path = MenuItem.swift; sourceTree = "<group>"; };
		C519BDF92C6B694400CC1E96 /* MenuList.swift */ = {isa = PBXFileReference; fileEncoding = 4; lastKnownFileType = sourcecode.swift; path = MenuList.swift; sourceTree = "<group>"; };
		C519BDFD2C6B694C00CC1E96 /* DetailItem.swift */ = {isa = PBXFileReference; fileEncoding = 4; lastKnownFileType = sourcecode.swift; path = DetailItem.swift; sourceTree = "<group>"; };
		C519BDFE2C6B694C00CC1E96 /* FoodItem.swift */ = {isa = PBXFileReference; fileEncoding = 4; lastKnownFileType = sourcecode.swift; path = FoodItem.swift; sourceTree = "<group>"; };
		C519BDFF2C6B694C00CC1E96 /* Header.swift */ = {isa = PBXFileReference; fileEncoding = 4; lastKnownFileType = sourcecode.swift; path = Header.swift; sourceTree = "<group>"; };
		C519BE002C6B694C00CC1E96 /* Hero.swift */ = {isa = PBXFileReference; fileEncoding = 4; lastKnownFileType = sourcecode.swift; path = Hero.swift; sourceTree = "<group>"; };
		C519BE012C6B694C00CC1E96 /* Home.swift */ = {isa = PBXFileReference; fileEncoding = 4; lastKnownFileType = sourcecode.swift; path = Home.swift; sourceTree = "<group>"; };
		C519BE022C6B694C00CC1E96 /* MainScreen.swift */ = {isa = PBXFileReference; fileEncoding = 4; lastKnownFileType = sourcecode.swift; path = MainScreen.swift; sourceTree = "<group>"; };
		C519BE032C6B694C00CC1E96 /* Menu.swift */ = {isa = PBXFileReference; fileEncoding = 4; lastKnownFileType = sourcecode.swift; path = Menu.swift; sourceTree = "<group>"; };
		C519BE042C6B694C00CC1E96 /* Onboarding.swift */ = {isa = PBXFileReference; fileEncoding = 4; lastKnownFileType = sourcecode.swift; path = Onboarding.swift; sourceTree = "<group>"; };
		C519BE052C6B694C00CC1E96 /* UserProfile.swift */ = {isa = PBXFileReference; fileEncoding = 4; lastKnownFileType = sourcecode.swift; path = UserProfile.swift; sourceTree = "<group>"; };
		C519BE102C6B6AB800CC1E96 /* ViewModel.swift */ = {isa = PBXFileReference; fileEncoding = 4; lastKnownFileType = sourcecode.swift; path = ViewModel.swift; sourceTree = "<group>"; };
		C519BE132C6B6FC900CC1E96 /* Info.plist */ = {isa = PBXFileReference; lastKnownFileType = text.plist; path = Info.plist; sourceTree = "<group>"; };
/* End PBXFileReference section */

/* Begin PBXFrameworksBuildPhase section */
		C519BDD12C6B683500CC1E96 /* Frameworks */ = {
			isa = PBXFrameworksBuildPhase;
			buildActionMask = 2147483647;
			files = (
			);
			runOnlyForDeploymentPostprocessing = 0;
		};
/* End PBXFrameworksBuildPhase section */

/* Begin PBXGroup section */
		C519BDCB2C6B683500CC1E96 = {
			isa = PBXGroup;
			children = (
				C519BDD62C6B683500CC1E96 /* LittleLemonApp */,
				C519BDD52C6B683500CC1E96 /* Products */,
			);
			sourceTree = "<group>";
		};
		C519BDD52C6B683500CC1E96 /* Products */ = {
			isa = PBXGroup;
			children = (
				C519BDD42C6B683500CC1E96 /* LittleLemonApp.app */,
			);
			name = Products;
			sourceTree = "<group>";
		};
		C519BDD62C6B683500CC1E96 /* LittleLemonApp */ = {
			isa = PBXGroup;
			children = (
				C519BE132C6B6FC900CC1E96 /* Info.plist */,
				C519BDEA2C6B68AD00CC1E96 /* Styles.swift */,
				C519BDF32C6B692F00CC1E96 /* CoreData */,
				C519BDFA2C6B694400CC1E96 /* Models */,
				C519BE062C6B694C00CC1E96 /* Views */,
				C519BE112C6B6AB800CC1E96 /* ViewModels */,
				C519BDD72C6B683500CC1E96 /* LittleLemonAppApp.swift */,
				C519BDDB2C6B683700CC1E96 /* Assets.xcassets */,
				C519BDDD2C6B683700CC1E96 /* Preview Content */,
			);
			path = LittleLemonApp;
			sourceTree = "<group>";
		};
		C519BDDD2C6B683700CC1E96 /* Preview Content */ = {
			isa = PBXGroup;
			children = (
				C519BDDE2C6B683700CC1E96 /* Preview Assets.xcassets */,
			);
			path = "Preview Content";
			sourceTree = "<group>";
		};
		C519BDF32C6B692F00CC1E96 /* CoreData */ = {
			isa = PBXGroup;
			children = (
				C519BDF02C6B692F00CC1E96 /* ExampleDatabase.xcdatamodeld */,
				C519BDF12C6B692F00CC1E96 /* FetchedObjects.swift */,
				C519BDF22C6B692F00CC1E96 /* Persistence.swift */,
			);
			name = CoreData;
			path = "../../../Downloads/little-lemon-app-main 3/LittleLemonApp/LittleLemonApp/CoreData";
			sourceTree = "<group>";
		};
		C519BDFA2C6B694400CC1E96 /* Models */ = {
			isa = PBXGroup;
			children = (
				C519BDF82C6B694400CC1E96 /* MenuItem.swift */,
				C519BDF92C6B694400CC1E96 /* MenuList.swift */,
			);
			path = Models;
			sourceTree = "<group>";
		};
		C519BE062C6B694C00CC1E96 /* Views */ = {
			isa = PBXGroup;
			children = (
				C519BDFD2C6B694C00CC1E96 /* DetailItem.swift */,
				C519BDFE2C6B694C00CC1E96 /* FoodItem.swift */,
				C519BDFF2C6B694C00CC1E96 /* Header.swift */,
				C519BE002C6B694C00CC1E96 /* Hero.swift */,
				C519BE012C6B694C00CC1E96 /* Home.swift */,
				C519BE022C6B694C00CC1E96 /* MainScreen.swift */,
				C519BE032C6B694C00CC1E96 /* Menu.swift */,
				C519BE042C6B694C00CC1E96 /* Onboarding.swift */,
				C519BE052C6B694C00CC1E96 /* UserProfile.swift */,
			);
			path = Views;
			sourceTree = "<group>";
		};
		C519BE112C6B6AB800CC1E96 /* ViewModels */ = {
			isa = PBXGroup;
			children = (
				C519BE102C6B6AB800CC1E96 /* ViewModel.swift */,
			);
			path = ViewModels;
			sourceTree = "<group>";
		};
/* End PBXGroup section */

/* Begin PBXNativeTarget section */
		C519BDD32C6B683500CC1E96 /* LittleLemonApp */ = {
			isa = PBXNativeTarget;
			buildConfigurationList = C519BDE72C6B683700CC1E96 /* Build configuration list for PBXNativeTarget "LittleLemonApp" */;
			buildPhases = (
				C519BDD02C6B683500CC1E96 /* Sources */,
				C519BDD12C6B683500CC1E96 /* Frameworks */,
				C519BDD22C6B683500CC1E96 /* Resources */,
			);
			buildRules = (
			);
			dependencies = (
			);
			name = LittleLemonApp;
			productName = LittleLemonApp;
			productReference = C519BDD42C6B683500CC1E96 /* LittleLemonApp.app */;
			productType = "com.apple.product-type.application";
		};
/* End PBXNativeTarget section */

/* Begin PBXProject section */
		C519BDCC2C6B683500CC1E96 /* Project object */ = {
			isa = PBXProject;
			attributes = {
				BuildIndependentTargetsInParallel = 1;
				LastSwiftUpdateCheck = 1540;
				LastUpgradeCheck = 1540;
				TargetAttributes = {
					C519BDD32C6B683500CC1E96 = {
						CreatedOnToolsVersion = 15.4;
					};
				};
			};
			buildConfigurationList = C519BDCF2C6B683500CC1E96 /* Build configuration list for PBXProject "LittleLemonApp" */;
			compatibilityVersion = "Xcode 14.0";
			developmentRegion = en;
			hasScannedForEncodings = 0;
			knownRegions = (
				en,
				Base,
			);
			mainGroup = C519BDCB2C6B683500CC1E96;
			productRefGroup = C519BDD52C6B683500CC1E96 /* Products */;
			projectDirPath = "";
			projectRoot = "";
			targets = (
				C519BDD32C6B683500CC1E96 /* LittleLemonApp */,
			);
		};
/* End PBXProject section */

/* Begin PBXResourcesBuildPhase section */
		C519BDD22C6B683500CC1E96 /* Resources */ = {
			isa = PBXResourcesBuildPhase;
			buildActionMask = 2147483647;
			files = (
				C519BDDF2C6B683700CC1E96 /* Preview Assets.xcassets in Resources */,
				C519BDDC2C6B683700CC1E96 /* Assets.xcassets in Resources */,
			);
			runOnlyForDeploymentPostprocessing = 0;
		};
/* End PBXResourcesBuildPhase section */

/* Begin PBXSourcesBuildPhase section */
		C519BDD02C6B683500CC1E96 /* Sources */ = {
			isa = PBXSourcesBuildPhase;
			buildActionMask = 2147483647;
			files = (
				C519BE0E2C6B694C00CC1E96 /* Onboarding.swift in Sources */,
				C519BE0C2C6B694C00CC1E96 /* MainScreen.swift in Sources */,
				C519BE092C6B694C00CC1E96 /* Header.swift in Sources */,
				C519BDF72C6B692F00CC1E96 /* Persistence.swift in Sources */,
				C519BDEB2C6B68AD00CC1E96 /* Styles.swift in Sources */,
				C519BE082C6B694C00CC1E96 /* FoodItem.swift in Sources */,
				C519BDF52C6B692F00CC1E96 /* ExampleDatabase.xcdatamodeld in Sources */,
				C519BE0B2C6B694C00CC1E96 /* Home.swift in Sources */,
				C519BE122C6B6AB800CC1E96 /* ViewModel.swift in Sources */,
				C519BDFB2C6B694400CC1E96 /* MenuItem.swift in Sources */,
				C519BDF62C6B692F00CC1E96 /* FetchedObjects.swift in Sources */,
				C519BE072C6B694C00CC1E96 /* DetailItem.swift in Sources */,
				C519BE0F2C6B694C00CC1E96 /* UserProfile.swift in Sources */,
				C519BE0D2C6B694C00CC1E96 /* Menu.swift in Sources */,
				C519BE0A2C6B694C00CC1E96 /* Hero.swift in Sources */,
				C519BDFC2C6B694400CC1E96 /* MenuList.swift in Sources */,
				C519BDD82C6B683500CC1E96 /* LittleLemonAppApp.swift in Sources */,
			);
			runOnlyForDeploymentPostprocessing = 0;
		};
/* End PBXSourcesBuildPhase section */

/* Begin XCBuildConfiguration section */
		C519BDE52C6B683700CC1E96 /* Debug */ = {
			isa = XCBuildConfiguration;
			buildSettings = {
				ALWAYS_SEARCH_USER_PATHS = NO;
				ASSETCATALOG_COMPILER_GENERATE_SWIFT_ASSET_SYMBOL_EXTENSIONS = YES;
				CLANG_ANALYZER_NONNULL = YES;
				CLANG_ANALYZER_NUMBER_OBJECT_CONVERSION = YES_AGGRESSIVE;
				CLANG_CXX_LANGUAGE_STANDARD = "gnu++20";
				CLANG_ENABLE_MODULES = YES;
				CLANG_ENABLE_OBJC_ARC = YES;
				CLANG_ENABLE_OBJC_WEAK = YES;
				CLANG_WARN_BLOCK_CAPTURE_AUTORELEASING = YES;
				CLANG_WARN_BOOL_CONVERSION = YES;
				CLANG_WARN_COMMA = YES;
				CLANG_WARN_CONSTANT_CONVERSION = YES;
				CLANG_WARN_DEPRECATED_OBJC_IMPLEMENTATIONS = YES;
				CLANG_WARN_DIRECT_OBJC_ISA_USAGE = YES_ERROR;
				CLANG_WARN_DOCUMENTATION_COMMENTS = YES;
				CLANG_WARN_EMPTY_BODY = YES;
				CLANG_WARN_ENUM_CONVERSION = YES;
				CLANG_WARN_INFINITE_RECURSION = YES;
				CLANG_WARN_INT_CONVERSION = YES;
				CLANG_WARN_NON_LITERAL_NULL_CONVERSION = YES;
				CLANG_WARN_OBJC_IMPLICIT_RETAIN_SELF = YES;
				CLANG_WARN_OBJC_LITERAL_CONVERSION = YES;
				CLANG_WARN_OBJC_ROOT_CLASS = YES_ERROR;
				CLANG_WARN_QUOTED_INCLUDE_IN_FRAMEWORK_HEADER = YES;
				CLANG_WARN_RANGE_LOOP_ANALYSIS = YES;
				CLANG_WARN_STRICT_PROTOTYPES = YES;
				CLANG_WARN_SUSPICIOUS_MOVE = YES;
				CLANG_WARN_UNGUARDED_AVAILABILITY = YES_AGGRESSIVE;
				CLANG_WARN_UNREACHABLE_CODE = YES;
				CLANG_WARN__DUPLICATE_METHOD_MATCH = YES;
				COPY_PHASE_STRIP = NO;
				DEBUG_INFORMATION_FORMAT = dwarf;
				ENABLE_STRICT_OBJC_MSGSEND = YES;
				ENABLE_TESTABILITY = YES;
				ENABLE_USER_SCRIPT_SANDBOXING = YES;
				GCC_C_LANGUAGE_STANDARD = gnu17;
				GCC_DYNAMIC_NO_PIC = NO;
				GCC_NO_COMMON_BLOCKS = YES;
				GCC_OPTIMIZATION_LEVEL = 0;
				GCC_PREPROCESSOR_DEFINITIONS = (
					"DEBUG=1",
					"$(inherited)",
				);
				GCC_WARN_64_TO_32_BIT_CONVERSION = YES;
				GCC_WARN_ABOUT_RETURN_TYPE = YES_ERROR;
				GCC_WARN_UNDECLARED_SELECTOR = YES;
				GCC_WARN_UNINITIALIZED_AUTOS = YES_AGGRESSIVE;
				GCC_WARN_UNUSED_FUNCTION = YES;
				GCC_WARN_UNUSED_VARIABLE = YES;
				IPHONEOS_DEPLOYMENT_TARGET = 17.5;
				LOCALIZATION_PREFERS_STRING_CATALOGS = YES;
				MTL_ENABLE_DEBUG_INFO = INCLUDE_SOURCE;
				MTL_FAST_MATH = YES;
				ONLY_ACTIVE_ARCH = YES;
				SDKROOT = iphoneos;
				SWIFT_ACTIVE_COMPILATION_CONDITIONS = "DEBUG $(inherited)";
				SWIFT_OPTIMIZATION_LEVEL = "-Onone";
			};
			name = Debug;
		};
		C519BDE62C6B683700CC1E96 /* Release */ = {
			isa = XCBuildConfiguration;
			buildSettings = {
				ALWAYS_SEARCH_USER_PATHS = NO;
				ASSETCATALOG_COMPILER_GENERATE_SWIFT_ASSET_SYMBOL_EXTENSIONS = YES;
				CLANG_ANALYZER_NONNULL = YES;
				CLANG_ANALYZER_NUMBER_OBJECT_CONVERSION = YES_AGGRESSIVE;
				CLANG_CXX_LANGUAGE_STANDARD = "gnu++20";
				CLANG_ENABLE_MODULES = YES;
				CLANG_ENABLE_OBJC_ARC = YES;
				CLANG_ENABLE_OBJC_WEAK = YES;
				CLANG_WARN_BLOCK_CAPTURE_AUTORELEASING = YES;
				CLANG_WARN_BOOL_CONVERSION = YES;
				CLANG_WARN_COMMA = YES;
				CLANG_WARN_CONSTANT_CONVERSION = YES;
				CLANG_WARN_DEPRECATED_OBJC_IMPLEMENTATIONS = YES;
				CLANG_WARN_DIRECT_OBJC_ISA_USAGE = YES_ERROR;
				CLANG_WARN_DOCUMENTATION_COMMENTS = YES;
				CLANG_WARN_EMPTY_BODY = YES;
				CLANG_WARN_ENUM_CONVERSION = YES;
				CLANG_WARN_INFINITE_RECURSION = YES;
				CLANG_WARN_INT_CONVERSION = YES;
				CLANG_WARN_NON_LITERAL_NULL_CONVERSION = YES;
				CLANG_WARN_OBJC_IMPLICIT_RETAIN_SELF = YES;
				CLANG_WARN_OBJC_LITERAL_CONVERSION = YES;
				CLANG_WARN_OBJC_ROOT_CLASS = YES_ERROR;
				CLANG_WARN_QUOTED_INCLUDE_IN_FRAMEWORK_HEADER = YES;
				CLANG_WARN_RANGE_LOOP_ANALYSIS = YES;
				CLANG_WARN_STRICT_PROTOTYPES = YES;
				CLANG_WARN_SUSPICIOUS_MOVE = YES;
				CLANG_WARN_UNGUARDED_AVAILABILITY = YES_AGGRESSIVE;
				CLANG_WARN_UNREACHABLE_CODE = YES;
				CLANG_WARN__DUPLICATE_METHOD_MATCH = YES;
				COPY_PHASE_STRIP = NO;
				DEBUG_INFORMATION_FORMAT = "dwarf-with-dsym";
				ENABLE_NS_ASSERTIONS = NO;
				ENABLE_STRICT_OBJC_MSGSEND = YES;
				ENABLE_USER_SCRIPT_SANDBOXING = YES;
				GCC_C_LANGUAGE_STANDARD = gnu17;
				GCC_NO_COMMON_BLOCKS = YES;
				GCC_WARN_64_TO_32_BIT_CONVERSION = YES;
				GCC_WARN_ABOUT_RETURN_TYPE = YES_ERROR;
				GCC_WARN_UNDECLARED_SELECTOR = YES;
				GCC_WARN_UNINITIALIZED_AUTOS = YES_AGGRESSIVE;
				GCC_WARN_UNUSED_FUNCTION = YES;
				GCC_WARN_UNUSED_VARIABLE = YES;
				IPHONEOS_DEPLOYMENT_TARGET = 17.5;
				LOCALIZATION_PREFERS_STRING_CATALOGS = YES;
				MTL_ENABLE_DEBUG_INFO = NO;
				MTL_FAST_MATH = YES;
				SDKROOT = iphoneos;
				SWIFT_COMPILATION_MODE = wholemodule;
				VALIDATE_PRODUCT = YES;
			};
			name = Release;
		};
		C519BDE82C6B683700CC1E96 /* Debug */ = {
			isa = XCBuildConfiguration;
			buildSettings = {
				ASSETCATALOG_COMPILER_APPICON_NAME = AppIcon;
				ASSETCATALOG_COMPILER_GLOBAL_ACCENT_COLOR_NAME = AccentColor;
				CODE_SIGN_STYLE = Automatic;
				CURRENT_PROJECT_VERSION = 1;
				DEVELOPMENT_ASSET_PATHS = "\"LittleLemonApp/Preview Content\"";
				ENABLE_PREVIEWS = YES;
				GENERATE_INFOPLIST_FILE = YES;
				INFOPLIST_FILE = LittleLemonApp/Info.plist;
				INFOPLIST_KEY_UIApplicationSceneManifest_Generation = YES;
				INFOPLIST_KEY_UIApplicationSupportsIndirectInputEvents = YES;
				INFOPLIST_KEY_UILaunchScreen_Generation = YES;
				INFOPLIST_KEY_UISupportedInterfaceOrientations_iPad = "UIInterfaceOrientationPortrait UIInterfaceOrientationPortraitUpsideDown UIInterfaceOrientationLandscapeLeft UIInterfaceOrientationLandscapeRight";
				INFOPLIST_KEY_UISupportedInterfaceOrientations_iPhone = "UIInterfaceOrientationPortrait UIInterfaceOrientationLandscapeLeft UIInterfaceOrientationLandscapeRight";
				LD_RUNPATH_SEARCH_PATHS = (
					"$(inherited)",
					"@executable_path/Frameworks",
				);
				MARKETING_VERSION = 1.0;
				PRODUCT_BUNDLE_IDENTIFIER = com.cognizant.LittleLemonApp;
				PRODUCT_NAME = "$(TARGET_NAME)";
				SWIFT_EMIT_LOC_STRINGS = YES;
				SWIFT_VERSION = 5.0;
				TARGETED_DEVICE_FAMILY = "1,2";
			};
			name = Debug;
		};
		C519BDE92C6B683700CC1E96 /* Release */ = {
			isa = XCBuildConfiguration;
			buildSettings = {
				ASSETCATALOG_COMPILER_APPICON_NAME = AppIcon;
				ASSETCATALOG_COMPILER_GLOBAL_ACCENT_COLOR_NAME = AccentColor;
				CODE_SIGN_STYLE = Automatic;
				CURRENT_PROJECT_VERSION = 1;
				DEVELOPMENT_ASSET_PATHS = "\"LittleLemonApp/Preview Content\"";
				ENABLE_PREVIEWS = YES;
				GENERATE_INFOPLIST_FILE = YES;
				INFOPLIST_FILE = LittleLemonApp/Info.plist;
				INFOPLIST_KEY_UIApplicationSceneManifest_Generation = YES;
				INFOPLIST_KEY_UIApplicationSupportsIndirectInputEvents = YES;
				INFOPLIST_KEY_UILaunchScreen_Generation = YES;
				INFOPLIST_KEY_UISupportedInterfaceOrientations_iPad = "UIInterfaceOrientationPortrait UIInterfaceOrientationPortraitUpsideDown UIInterfaceOrientationLandscapeLeft UIInterfaceOrientationLandscapeRight";
				INFOPLIST_KEY_UISupportedInterfaceOrientations_iPhone = "UIInterfaceOrientationPortrait UIInterfaceOrientationLandscapeLeft UIInterfaceOrientationLandscapeRight";
				LD_RUNPATH_SEARCH_PATHS = (
					"$(inherited)",
					"@executable_path/Frameworks",
				);
				MARKETING_VERSION = 1.0;
				PRODUCT_BUNDLE_IDENTIFIER = com.cognizant.LittleLemonApp;
				PRODUCT_NAME = "$(TARGET_NAME)";
				SWIFT_EMIT_LOC_STRINGS = YES;
				SWIFT_VERSION = 5.0;
				TARGETED_DEVICE_FAMILY = "1,2";
			};
			name = Release;
		};
/* End XCBuildConfiguration section */

/* Begin XCConfigurationList section */
		C519BDCF2C6B683500CC1E96 /* Build configuration list for PBXProject "LittleLemonApp" */ = {
			isa = XCConfigurationList;
			buildConfigurations = (
				C519BDE52C6B683700CC1E96 /* Debug */,
				C519BDE62C6B683700CC1E96 /* Release */,
			);
			defaultConfigurationIsVisible = 0;
			defaultConfigurationName = Release;
		};
		C519BDE72C6B683700CC1E96 /* Build configuration list for PBXNativeTarget "LittleLemonApp" */ = {
			isa = XCConfigurationList;
			buildConfigurations = (
				C519BDE82C6B683700CC1E96 /* Debug */,
				C519BDE92C6B683700CC1E96 /* Release */,
			);
			defaultConfigurationIsVisible = 0;
			defaultConfigurationName = Release;
		};
/* End XCConfigurationList section */

/* Begin XCVersionGroup section */
		C519BDF02C6B692F00CC1E96 /* ExampleDatabase.xcdatamodeld */ = {
			isa = XCVersionGroup;
			children = (
				C519BDF42C6B692F00CC1E96 /* ExampleDatabase.xcdatamodel */,
			);
			currentVersion = C519BDF42C6B692F00CC1E96 /* ExampleDatabase.xcdatamodel */;
			name = ExampleDatabase.xcdatamodeld;
			path = "/Users/949184/Downloads/little-lemon-app-main 3/LittleLemonApp/LittleLemonApp/CoreData/ExampleDatabase.xcdatamodeld";
			sourceTree = "<group>";
			versionGroupType = wrapper.xcdatamodel;
		};
/* End XCVersionGroup section */
	};
	rootObject = C519BDCC2C6B683500CC1E96 /* Project object */;
}
